// !$*UTF8*$!
{
	archiveVersion = 1;
	classes = {
	};
	objectVersion = 50;
	objects = {

/* Begin PBXBuildFile section */
		072FD74722061A7B00F83CEC /* burger.png in Resources */ = {isa = PBXBuildFile; fileRef = 072FD74622061A7B00F83CEC /* burger.png */; };
		072FD74C22061FBA00F83CEC /* pizza.png in Resources */ = {isa = PBXBuildFile; fileRef = 072FD74822061FB900F83CEC /* pizza.png */; };
		072FD74D22061FBA00F83CEC /* burger2.png in Resources */ = {isa = PBXBuildFile; fileRef = 072FD74922061FBA00F83CEC /* burger2.png */; };
		072FD74E22061FBA00F83CEC /* burger.png in Resources */ = {isa = PBXBuildFile; fileRef = 072FD74A22061FBA00F83CEC /* burger.png */; };
		072FD74F22061FBA00F83CEC /* pasta.png in Resources */ = {isa = PBXBuildFile; fileRef = 072FD74B22061FBA00F83CEC /* pasta.png */; };
		072FD75122062E5200F83CEC /* logo_transparent.png in Resources */ = {isa = PBXBuildFile; fileRef = 072FD75022062E5200F83CEC /* logo_transparent.png */; };
		072FD75722063F2300F83CEC /* LaunchScreen.storyboard in Resources */ = {isa = PBXBuildFile; fileRef = 072FD75622063F2300F83CEC /* LaunchScreen.storyboard */; };
		07EDDA522202179A002CB951 /* AppDelegate.m in Sources */ = {isa = PBXBuildFile; fileRef = 07EDDA512202179A002CB951 /* AppDelegate.m */; };
		07EDDA552202179A002CB951 /* ViewController.m in Sources */ = {isa = PBXBuildFile; fileRef = 07EDDA542202179A002CB951 /* ViewController.m */; };
		07EDDA5A2202179C002CB951 /* Assets.xcassets in Resources */ = {isa = PBXBuildFile; fileRef = 07EDDA592202179C002CB951 /* Assets.xcassets */; };
		07EDDA602202179C002CB951 /* main.m in Sources */ = {isa = PBXBuildFile; fileRef = 07EDDA5F2202179C002CB951 /* main.m */; };
		07EDDA6B22023777002CB951 /* FoodSearch.m in Sources */ = {isa = PBXBuildFile; fileRef = 07EDDA6A22023777002CB951 /* FoodSearch.m */; };
		07EDDA6E22024FFB002CB951 /* ColourAnimator.m in Sources */ = {isa = PBXBuildFile; fileRef = 07EDDA6D22024FFB002CB951 /* ColourAnimator.m */; };
		07EDDA8822027AC6002CB951 /* Ingredient.m in Sources */ = {isa = PBXBuildFile; fileRef = 07EDDA7F22027AC5002CB951 /* Ingredient.m */; };
		07EDDA8922027AC6002CB951 /* RecipeCollectionViewCell.m in Sources */ = {isa = PBXBuildFile; fileRef = 07EDDA8122027AC5002CB951 /* RecipeCollectionViewCell.m */; };
		07EDDA8A22027AC6002CB951 /* DetailViewController.m in Sources */ = {isa = PBXBuildFile; fileRef = 07EDDA8322027AC6002CB951 /* DetailViewController.m */; };
		07EDDA8B22027AC6002CB951 /* Recipe.m in Sources */ = {isa = PBXBuildFile; fileRef = 07EDDA8422027AC6002CB951 /* Recipe.m */; };
		07EDDA8C22027AC6002CB951 /* IngredientCollectionViewCell.m in Sources */ = {isa = PBXBuildFile; fileRef = 07EDDA8622027AC6002CB951 /* IngredientCollectionViewCell.m */; };
		1B9F5E8E8959056EAF02446D /* libPods-Taste.a in Frameworks */ = {isa = PBXBuildFile; fileRef = 7D0155F88195933D2F9643C9 /* libPods-Taste.a */; };
		634C803A2203C95E0044A6DF /* Main.storyboard in Resources */ = {isa = PBXBuildFile; fileRef = 634C80392203C95E0044A6DF /* Main.storyboard */; };
		634C80402204CC0A0044A6DF /* IngredientsData.m in Sources */ = {isa = PBXBuildFile; fileRef = 634C803F2204CC0A0044A6DF /* IngredientsData.m */; };
/* End PBXBuildFile section */

/* Begin PBXFileReference section */
		072FD74622061A7B00F83CEC /* burger.png */ = {isa = PBXFileReference; lastKnownFileType = image.png; path = burger.png; sourceTree = "<group>"; };
		072FD74822061FB900F83CEC /* pizza.png */ = {isa = PBXFileReference; lastKnownFileType = image.png; path = pizza.png; sourceTree = "<group>"; };
		072FD74922061FBA00F83CEC /* burger2.png */ = {isa = PBXFileReference; lastKnownFileType = image.png; path = burger2.png; sourceTree = "<group>"; };
		072FD74A22061FBA00F83CEC /* burger.png */ = {isa = PBXFileReference; lastKnownFileType = image.png; path = burger.png; sourceTree = "<group>"; };
		072FD74B22061FBA00F83CEC /* pasta.png */ = {isa = PBXFileReference; lastKnownFileType = image.png; path = pasta.png; sourceTree = "<group>"; };
		072FD75022062E5200F83CEC /* logo_transparent.png */ = {isa = PBXFileReference; lastKnownFileType = image.png; path = logo_transparent.png; sourceTree = "<group>"; };
		072FD75622063F2300F83CEC /* LaunchScreen.storyboard */ = {isa = PBXFileReference; lastKnownFileType = file.storyboard; path = LaunchScreen.storyboard; sourceTree = "<group>"; };
		07EDDA4D2202179A002CB951 /* Taste.app */ = {isa = PBXFileReference; explicitFileType = wrapper.application; includeInIndex = 0; path = Taste.app; sourceTree = BUILT_PRODUCTS_DIR; };
		07EDDA502202179A002CB951 /* AppDelegate.h */ = {isa = PBXFileReference; lastKnownFileType = sourcecode.c.h; path = AppDelegate.h; sourceTree = "<group>"; };
		07EDDA512202179A002CB951 /* AppDelegate.m */ = {isa = PBXFileReference; lastKnownFileType = sourcecode.c.objc; path = AppDelegate.m; sourceTree = "<group>"; };
		07EDDA532202179A002CB951 /* ViewController.h */ = {isa = PBXFileReference; lastKnownFileType = sourcecode.c.h; path = ViewController.h; sourceTree = "<group>"; };
		07EDDA542202179A002CB951 /* ViewController.m */ = {isa = PBXFileReference; lastKnownFileType = sourcecode.c.objc; path = ViewController.m; sourceTree = "<group>"; };
		07EDDA592202179C002CB951 /* Assets.xcassets */ = {isa = PBXFileReference; lastKnownFileType = folder.assetcatalog; path = Assets.xcassets; sourceTree = "<group>"; };
		07EDDA5E2202179C002CB951 /* Info.plist */ = {isa = PBXFileReference; lastKnownFileType = text.plist.xml; path = Info.plist; sourceTree = "<group>"; };
		07EDDA5F2202179C002CB951 /* main.m */ = {isa = PBXFileReference; lastKnownFileType = sourcecode.c.objc; path = main.m; sourceTree = "<group>"; };
		07EDDA6922023777002CB951 /* FoodSearch.h */ = {isa = PBXFileReference; lastKnownFileType = sourcecode.c.h; path = FoodSearch.h; sourceTree = "<group>"; };
		07EDDA6A22023777002CB951 /* FoodSearch.m */ = {isa = PBXFileReference; lastKnownFileType = sourcecode.c.objc; path = FoodSearch.m; sourceTree = "<group>"; };
		07EDDA6C22024FFB002CB951 /* ColourAnimator.h */ = {isa = PBXFileReference; lastKnownFileType = sourcecode.c.h; path = ColourAnimator.h; sourceTree = "<group>"; };
		07EDDA6D22024FFB002CB951 /* ColourAnimator.m */ = {isa = PBXFileReference; lastKnownFileType = sourcecode.c.objc; path = ColourAnimator.m; sourceTree = "<group>"; };
		07EDDA7E22027AC1002CB951 /* RecipeCollectionViewCell.h */ = {isa = PBXFileReference; fileEncoding = 4; lastKnownFileType = sourcecode.c.h; path = RecipeCollectionViewCell.h; sourceTree = "<group>"; };
		07EDDA7F22027AC5002CB951 /* Ingredient.m */ = {isa = PBXFileReference; fileEncoding = 4; lastKnownFileType = sourcecode.c.objc; path = Ingredient.m; sourceTree = "<group>"; };
		07EDDA8022027AC5002CB951 /* DetailViewController.h */ = {isa = PBXFileReference; fileEncoding = 4; lastKnownFileType = sourcecode.c.h; path = DetailViewController.h; sourceTree = "<group>"; };
		07EDDA8122027AC5002CB951 /* RecipeCollectionViewCell.m */ = {isa = PBXFileReference; fileEncoding = 4; lastKnownFileType = sourcecode.c.objc; path = RecipeCollectionViewCell.m; sourceTree = "<group>"; };
		07EDDA8222027AC5002CB951 /* Ingredient.h */ = {isa = PBXFileReference; fileEncoding = 4; lastKnownFileType = sourcecode.c.h; path = Ingredient.h; sourceTree = "<group>"; };
		07EDDA8322027AC6002CB951 /* DetailViewController.m */ = {isa = PBXFileReference; fileEncoding = 4; lastKnownFileType = sourcecode.c.objc; path = DetailViewController.m; sourceTree = "<group>"; };
		07EDDA8422027AC6002CB951 /* Recipe.m */ = {isa = PBXFileReference; fileEncoding = 4; lastKnownFileType = sourcecode.c.objc; path = Recipe.m; sourceTree = "<group>"; };
		07EDDA8522027AC6002CB951 /* IngredientCollectionViewCell.h */ = {isa = PBXFileReference; fileEncoding = 4; lastKnownFileType = sourcecode.c.h; path = IngredientCollectionViewCell.h; sourceTree = "<group>"; };
		07EDDA8622027AC6002CB951 /* IngredientCollectionViewCell.m */ = {isa = PBXFileReference; fileEncoding = 4; lastKnownFileType = sourcecode.c.objc; path = IngredientCollectionViewCell.m; sourceTree = "<group>"; };
		07EDDA8722027AC6002CB951 /* Recipe.h */ = {isa = PBXFileReference; fileEncoding = 4; lastKnownFileType = sourcecode.c.h; path = Recipe.h; sourceTree = "<group>"; };
		634C80392203C95E0044A6DF /* Main.storyboard */ = {isa = PBXFileReference; lastKnownFileType = file.storyboard; path = Main.storyboard; sourceTree = "<group>"; };
		634C803E2204CC0A0044A6DF /* IngredientsData.h */ = {isa = PBXFileReference; lastKnownFileType = sourcecode.c.h; path = IngredientsData.h; sourceTree = "<group>"; };
		634C803F2204CC0A0044A6DF /* IngredientsData.m */ = {isa = PBXFileReference; lastKnownFileType = sourcecode.c.objc; path = IngredientsData.m; sourceTree = "<group>"; };
		7D0155F88195933D2F9643C9 /* libPods-Taste.a */ = {isa = PBXFileReference; explicitFileType = archive.ar; includeInIndex = 0; path = "libPods-Taste.a"; sourceTree = BUILT_PRODUCTS_DIR; };
		F0E172219732910A47C8E2E4 /* Pods-Taste.release.xcconfig */ = {isa = PBXFileReference; includeInIndex = 1; lastKnownFileType = text.xcconfig; name = "Pods-Taste.release.xcconfig"; path = "Pods/Target Support Files/Pods-Taste/Pods-Taste.release.xcconfig"; sourceTree = "<group>"; };
		FC2888AAA7D9226B753DB5C6 /* Pods-Taste.debug.xcconfig */ = {isa = PBXFileReference; includeInIndex = 1; lastKnownFileType = text.xcconfig; name = "Pods-Taste.debug.xcconfig"; path = "Pods/Target Support Files/Pods-Taste/Pods-Taste.debug.xcconfig"; sourceTree = "<group>"; };
/* End PBXFileReference section */

/* Begin PBXFrameworksBuildPhase section */
		07EDDA4A2202179A002CB951 /* Frameworks */ = {
			isa = PBXFrameworksBuildPhase;
			buildActionMask = 2147483647;
			files = (
				1B9F5E8E8959056EAF02446D /* libPods-Taste.a in Frameworks */,
			);
			runOnlyForDeploymentPostprocessing = 0;
		};
/* End PBXFrameworksBuildPhase section */

/* Begin PBXGroup section */
		072FD7222204B4B700F83CEC /* Images */ = {
			isa = PBXGroup;
			children = (
				072FD75022062E5200F83CEC /* logo_transparent.png */,
				072FD74A22061FBA00F83CEC /* burger.png */,
				072FD74922061FBA00F83CEC /* burger2.png */,
				072FD74B22061FBA00F83CEC /* pasta.png */,
				072FD74822061FB900F83CEC /* pizza.png */,
				072FD74622061A7B00F83CEC /* burger.png */,
			);
			path = Images;
			sourceTree = "<group>";
		};
		07EDDA442202179A002CB951 = {
			isa = PBXGroup;
			children = (
				07EDDA4F2202179A002CB951 /* Taste */,
				07EDDA4E2202179A002CB951 /* Products */,
				4AC2ACF628455D058F5C6847 /* Pods */,
				608AD13656E9C9641735F905 /* Frameworks */,
			);
			sourceTree = "<group>";
		};
		07EDDA4E2202179A002CB951 /* Products */ = {
			isa = PBXGroup;
			children = (
				07EDDA4D2202179A002CB951 /* Taste.app */,
			);
			name = Products;
			sourceTree = "<group>";
		};
		07EDDA4F2202179A002CB951 /* Taste */ = {
			isa = PBXGroup;
			children = (
				072FD7222204B4B700F83CEC /* Images */,
				634C80392203C95E0044A6DF /* Main.storyboard */,
				07EDDA502202179A002CB951 /* AppDelegate.h */,
				07EDDA512202179A002CB951 /* AppDelegate.m */,
				072FD75622063F2300F83CEC /* LaunchScreen.storyboard */,
				07EDDA532202179A002CB951 /* ViewController.h */,
				07EDDA542202179A002CB951 /* ViewController.m */,
				07EDDA6C22024FFB002CB951 /* ColourAnimator.h */,
				07EDDA6D22024FFB002CB951 /* ColourAnimator.m */,
				07EDDA8022027AC5002CB951 /* DetailViewController.h */,
				07EDDA8322027AC6002CB951 /* DetailViewController.m */,
				634C803E2204CC0A0044A6DF /* IngredientsData.h */,
				634C803F2204CC0A0044A6DF /* IngredientsData.m */,
				07EDDA8222027AC5002CB951 /* Ingredient.h */,
				07EDDA7F22027AC5002CB951 /* Ingredient.m */,
				07EDDA8522027AC6002CB951 /* IngredientCollectionViewCell.h */,
				07EDDA8622027AC6002CB951 /* IngredientCollectionViewCell.m */,
				07EDDA8722027AC6002CB951 /* Recipe.h */,
				07EDDA8422027AC6002CB951 /* Recipe.m */,
				07EDDA7E22027AC1002CB951 /* RecipeCollectionViewCell.h */,
				07EDDA8122027AC5002CB951 /* RecipeCollectionViewCell.m */,
				07EDDA6922023777002CB951 /* FoodSearch.h */,
				07EDDA6A22023777002CB951 /* FoodSearch.m */,
				07EDDA592202179C002CB951 /* Assets.xcassets */,
				07EDDA5E2202179C002CB951 /* Info.plist */,
				07EDDA5F2202179C002CB951 /* main.m */,
			);
			path = Taste;
			sourceTree = "<group>";
		};
		4AC2ACF628455D058F5C6847 /* Pods */ = {
			isa = PBXGroup;
			children = (
				FC2888AAA7D9226B753DB5C6 /* Pods-Taste.debug.xcconfig */,
				F0E172219732910A47C8E2E4 /* Pods-Taste.release.xcconfig */,
			);
			name = Pods;
			sourceTree = "<group>";
		};
		608AD13656E9C9641735F905 /* Frameworks */ = {
			isa = PBXGroup;
			children = (
				7D0155F88195933D2F9643C9 /* libPods-Taste.a */,
			);
			name = Frameworks;
			sourceTree = "<group>";
		};
/* End PBXGroup section */

/* Begin PBXNativeTarget section */
		07EDDA4C2202179A002CB951 /* Taste */ = {
			isa = PBXNativeTarget;
			buildConfigurationList = 07EDDA632202179C002CB951 /* Build configuration list for PBXNativeTarget "Taste" */;
			buildPhases = (
				DB5ABD713DCB3E759FB7BE38 /* [CP] Check Pods Manifest.lock */,
				07EDDA492202179A002CB951 /* Sources */,
				07EDDA4A2202179A002CB951 /* Frameworks */,
				07EDDA4B2202179A002CB951 /* Resources */,
			);
			buildRules = (
			);
			dependencies = (
			);
			name = Taste;
			productName = Taste;
			productReference = 07EDDA4D2202179A002CB951 /* Taste.app */;
			productType = "com.apple.product-type.application";
		};
/* End PBXNativeTarget section */

/* Begin PBXProject section */
		07EDDA452202179A002CB951 /* Project object */ = {
			isa = PBXProject;
			attributes = {
				LastUpgradeCheck = 1010;
				ORGANIZATIONNAME = "Omar Tehsin";
				TargetAttributes = {
					07EDDA4C2202179A002CB951 = {
						CreatedOnToolsVersion = 10.1;
					};
				};
			};
			buildConfigurationList = 07EDDA482202179A002CB951 /* Build configuration list for PBXProject "Taste" */;
			compatibilityVersion = "Xcode 9.3";
			developmentRegion = en;
			hasScannedForEncodings = 0;
			knownRegions = (
				en,
				Base,
			);
			mainGroup = 07EDDA442202179A002CB951;
			productRefGroup = 07EDDA4E2202179A002CB951 /* Products */;
			projectDirPath = "";
			projectRoot = "";
			targets = (
				07EDDA4C2202179A002CB951 /* Taste */,
			);
		};
/* End PBXProject section */

/* Begin PBXResourcesBuildPhase section */
		07EDDA4B2202179A002CB951 /* Resources */ = {
			isa = PBXResourcesBuildPhase;
			buildActionMask = 2147483647;
			files = (
				072FD75722063F2300F83CEC /* LaunchScreen.storyboard in Resources */,
				072FD74C22061FBA00F83CEC /* pizza.png in Resources */,
				072FD74F22061FBA00F83CEC /* pasta.png in Resources */,
				072FD74E22061FBA00F83CEC /* burger.png in Resources */,
				072FD75122062E5200F83CEC /* logo_transparent.png in Resources */,
				072FD74D22061FBA00F83CEC /* burger2.png in Resources */,
				07EDDA5A2202179C002CB951 /* Assets.xcassets in Resources */,
				634C803A2203C95E0044A6DF /* Main.storyboard in Resources */,
				072FD74722061A7B00F83CEC /* burger.png in Resources */,
			);
			runOnlyForDeploymentPostprocessing = 0;
		};
/* End PBXResourcesBuildPhase section */

/* Begin PBXShellScriptBuildPhase section */
		DB5ABD713DCB3E759FB7BE38 /* [CP] Check Pods Manifest.lock */ = {
			isa = PBXShellScriptBuildPhase;
			buildActionMask = 2147483647;
			files = (
			);
			inputFileListPaths = (
			);
			inputPaths = (
				"${PODS_PODFILE_DIR_PATH}/Podfile.lock",
				"${PODS_ROOT}/Manifest.lock",
			);
			name = "[CP] Check Pods Manifest.lock";
			outputFileListPaths = (
			);
			outputPaths = (
				"$(DERIVED_FILE_DIR)/Pods-Taste-checkManifestLockResult.txt",
			);
			runOnlyForDeploymentPostprocessing = 0;
			shellPath = /bin/sh;
			shellScript = "diff \"${PODS_PODFILE_DIR_PATH}/Podfile.lock\" \"${PODS_ROOT}/Manifest.lock\" > /dev/null\nif [ $? != 0 ] ; then\n    # print error to STDERR\n    echo \"error: The sandbox is not in sync with the Podfile.lock. Run 'pod install' or update your CocoaPods installation.\" >&2\n    exit 1\nfi\n# This output is used by Xcode 'outputs' to avoid re-running this script phase.\necho \"SUCCESS\" > \"${SCRIPT_OUTPUT_FILE_0}\"\n";
			showEnvVarsInLog = 0;
		};
/* End PBXShellScriptBuildPhase section */

/* Begin PBXSourcesBuildPhase section */
		07EDDA492202179A002CB951 /* Sources */ = {
			isa = PBXSourcesBuildPhase;
			buildActionMask = 2147483647;
			files = (
				07EDDA552202179A002CB951 /* ViewController.m in Sources */,
				07EDDA602202179C002CB951 /* main.m in Sources */,
				07EDDA8922027AC6002CB951 /* RecipeCollectionViewCell.m in Sources */,
				07EDDA8B22027AC6002CB951 /* Recipe.m in Sources */,
				07EDDA522202179A002CB951 /* AppDelegate.m in Sources */,
				07EDDA6E22024FFB002CB951 /* ColourAnimator.m in Sources */,
				07EDDA8822027AC6002CB951 /* Ingredient.m in Sources */,
				07EDDA8C22027AC6002CB951 /* IngredientCollectionViewCell.m in Sources */,
				634C80402204CC0A0044A6DF /* IngredientsData.m in Sources */,
				07EDDA6B22023777002CB951 /* FoodSearch.m in Sources */,
				07EDDA8A22027AC6002CB951 /* DetailViewController.m in Sources */,
			);
			runOnlyForDeploymentPostprocessing = 0;
		};
/* End PBXSourcesBuildPhase section */

/* Begin XCBuildConfiguration section */
		07EDDA612202179C002CB951 /* Debug */ = {
			isa = XCBuildConfiguration;
			buildSettings = {
				ALWAYS_SEARCH_USER_PATHS = NO;
				CLANG_ANALYZER_NONNULL = YES;
				CLANG_ANALYZER_NUMBER_OBJECT_CONVERSION = YES_AGGRESSIVE;
				CLANG_CXX_LANGUAGE_STANDARD = "gnu++14";
				CLANG_CXX_LIBRARY = "libc++";
				CLANG_ENABLE_MODULES = YES;
				CLANG_ENABLE_OBJC_ARC = YES;
				CLANG_ENABLE_OBJC_WEAK = YES;
				CLANG_WARN_BLOCK_CAPTURE_AUTORELEASING = YES;
				CLANG_WARN_BOOL_CONVERSION = YES;
				CLANG_WARN_COMMA = YES;
				CLANG_WARN_CONSTANT_CONVERSION = YES;
				CLANG_WARN_DEPRECATED_OBJC_IMPLEMENTATIONS = YES;
				CLANG_WARN_DIRECT_OBJC_ISA_USAGE = YES_ERROR;
				CLANG_WARN_DOCUMENTATION_COMMENTS = YES;
				CLANG_WARN_EMPTY_BODY = YES;
				CLANG_WARN_ENUM_CONVERSION = YES;
				CLANG_WARN_INFINITE_RECURSION = YES;
				CLANG_WARN_INT_CONVERSION = YES;
				CLANG_WARN_NON_LITERAL_NULL_CONVERSION = YES;
				CLANG_WARN_OBJC_IMPLICIT_RETAIN_SELF = YES;
				CLANG_WARN_OBJC_LITERAL_CONVERSION = YES;
				CLANG_WARN_OBJC_ROOT_CLASS = YES_ERROR;
				CLANG_WARN_RANGE_LOOP_ANALYSIS = YES;
				CLANG_WARN_STRICT_PROTOTYPES = YES;
				CLANG_WARN_SUSPICIOUS_MOVE = YES;
				CLANG_WARN_UNGUARDED_AVAILABILITY = YES_AGGRESSIVE;
				CLANG_WARN_UNREACHABLE_CODE = YES;
				CLANG_WARN__DUPLICATE_METHOD_MATCH = YES;
				CODE_SIGN_IDENTITY = "iPhone Developer";
				COPY_PHASE_STRIP = NO;
				DEBUG_INFORMATION_FORMAT = dwarf;
				ENABLE_STRICT_OBJC_MSGSEND = YES;
				ENABLE_TESTABILITY = YES;
				GCC_C_LANGUAGE_STANDARD = gnu11;
				GCC_DYNAMIC_NO_PIC = NO;
				GCC_NO_COMMON_BLOCKS = YES;
				GCC_OPTIMIZATION_LEVEL = 0;
				GCC_PREPROCESSOR_DEFINITIONS = (
					"DEBUG=1",
					"$(inherited)",
				);
				GCC_WARN_64_TO_32_BIT_CONVERSION = YES;
				GCC_WARN_ABOUT_RETURN_TYPE = YES_ERROR;
				GCC_WARN_UNDECLARED_SELECTOR = YES;
				GCC_WARN_UNINITIALIZED_AUTOS = YES_AGGRESSIVE;
				GCC_WARN_UNUSED_FUNCTION = YES;
				GCC_WARN_UNUSED_VARIABLE = YES;
				IPHONEOS_DEPLOYMENT_TARGET = 12.1;
				MTL_ENABLE_DEBUG_INFO = INCLUDE_SOURCE;
				MTL_FAST_MATH = YES;
				ONLY_ACTIVE_ARCH = YES;
				SDKROOT = iphoneos;
			};
			name = Debug;
		};
		07EDDA622202179C002CB951 /* Release */ = {
			isa = XCBuildConfiguration;
			buildSettings = {
				ALWAYS_SEARCH_USER_PATHS = NO;
				CLANG_ANALYZER_NONNULL = YES;
				CLANG_ANALYZER_NUMBER_OBJECT_CONVERSION = YES_AGGRESSIVE;
				CLANG_CXX_LANGUAGE_STANDARD = "gnu++14";
				CLANG_CXX_LIBRARY = "libc++";
				CLANG_ENABLE_MODULES = YES;
				CLANG_ENABLE_OBJC_ARC = YES;
				CLANG_ENABLE_OBJC_WEAK = YES;
				CLANG_WARN_BLOCK_CAPTURE_AUTORELEASING = YES;
				CLANG_WARN_BOOL_CONVERSION = YES;
				CLANG_WARN_COMMA = YES;
				CLANG_WARN_CONSTANT_CONVERSION = YES;
				CLANG_WARN_DEPRECATED_OBJC_IMPLEMENTATIONS = YES;
				CLANG_WARN_DIRECT_OBJC_ISA_USAGE = YES_ERROR;
				CLANG_WARN_DOCUMENTATION_COMMENTS = YES;
				CLANG_WARN_EMPTY_BODY = YES;
				CLANG_WARN_ENUM_CONVERSION = YES;
				CLANG_WARN_INFINITE_RECURSION = YES;
				CLANG_WARN_INT_CONVERSION = YES;
				CLANG_WARN_NON_LITERAL_NULL_CONVERSION = YES;
				CLANG_WARN_OBJC_IMPLICIT_RETAIN_SELF = YES;
				CLANG_WARN_OBJC_LITERAL_CONVERSION = YES;
				CLANG_WARN_OBJC_ROOT_CLASS = YES_ERROR;
				CLANG_WARN_RANGE_LOOP_ANALYSIS = YES;
				CLANG_WARN_STRICT_PROTOTYPES = YES;
				CLANG_WARN_SUSPICIOUS_MOVE = YES;
				CLANG_WARN_UNGUARDED_AVAILABILITY = YES_AGGRESSIVE;
				CLANG_WARN_UNREACHABLE_CODE = YES;
				CLANG_WARN__DUPLICATE_METHOD_MATCH = YES;
				CODE_SIGN_IDENTITY = "iPhone Developer";
				COPY_PHASE_STRIP = NO;
				DEBUG_INFORMATION_FORMAT = "dwarf-with-dsym";
				ENABLE_NS_ASSERTIONS = NO;
				ENABLE_STRICT_OBJC_MSGSEND = YES;
				GCC_C_LANGUAGE_STANDARD = gnu11;
				GCC_NO_COMMON_BLOCKS = YES;
				GCC_WARN_64_TO_32_BIT_CONVERSION = YES;
				GCC_WARN_ABOUT_RETURN_TYPE = YES_ERROR;
				GCC_WARN_UNDECLARED_SELECTOR = YES;
				GCC_WARN_UNINITIALIZED_AUTOS = YES_AGGRESSIVE;
				GCC_WARN_UNUSED_FUNCTION = YES;
				GCC_WARN_UNUSED_VARIABLE = YES;
				IPHONEOS_DEPLOYMENT_TARGET = 12.1;
				MTL_ENABLE_DEBUG_INFO = NO;
				MTL_FAST_MATH = YES;
				SDKROOT = iphoneos;
				VALIDATE_PRODUCT = YES;
			};
			name = Release;
		};
		07EDDA642202179C002CB951 /* Debug */ = {
			isa = XCBuildConfiguration;
			baseConfigurationReference = FC2888AAA7D9226B753DB5C6 /* Pods-Taste.debug.xcconfig */;
			buildSettings = {
				ASSETCATALOG_COMPILER_APPICON_NAME = AppIcon;
				CODE_SIGN_STYLE = Automatic;
				DEVELOPMENT_TEAM = 3GLSZRZ9TE;
				INFOPLIST_FILE = Taste/Info.plist;
				LD_RUNPATH_SEARCH_PATHS = (
					"$(inherited)",
					"@executable_path/Frameworks",
				);
				PRODUCT_BUNDLE_IDENTIFIER = com.dfservices.Taste;
				PRODUCT_NAME = "$(TARGET_NAME)";
				TARGETED_DEVICE_FAMILY = "1,2";
			};
			name = Debug;
		};
		07EDDA652202179C002CB951 /* Release */ = {
			isa = XCBuildConfiguration;
			baseConfigurationReference = F0E172219732910A47C8E2E4 /* Pods-Taste.release.xcconfig */;
			buildSettings = {
				ASSETCATALOG_COMPILER_APPICON_NAME = AppIcon;
				CODE_SIGN_STYLE = Automatic;
				DEVELOPMENT_TEAM = 3GLSZRZ9TE;
				INFOPLIST_FILE = Taste/Info.plist;
				LD_RUNPATH_SEARCH_PATHS = (
					"$(inherited)",
					"@executable_path/Frameworks",
				);
				PRODUCT_BUNDLE_IDENTIFIER = com.dfservices.Taste;
				PRODUCT_NAME = "$(TARGET_NAME)";
				TARGETED_DEVICE_FAMILY = "1,2";
			};
			name = Release;
		};
/* End XCBuildConfiguration section */

/* Begin XCConfigurationList section */
		07EDDA482202179A002CB951 /* Build configuration list for PBXProject "Taste" */ = {
			isa = XCConfigurationList;
			buildConfigurations = (
				07EDDA612202179C002CB951 /* Debug */,
				07EDDA622202179C002CB951 /* Release */,
			);
			defaultConfigurationIsVisible = 0;
			defaultConfigurationName = Release;
		};
		07EDDA632202179C002CB951 /* Build configuration list for PBXNativeTarget "Taste" */ = {
			isa = XCConfigurationList;
			buildConfigurations = (
				07EDDA642202179C002CB951 /* Debug */,
				07EDDA652202179C002CB951 /* Release */,
			);
			defaultConfigurationIsVisible = 0;
			defaultConfigurationName = Release;
		};
/* End XCConfigurationList section */
	};
	rootObject = 07EDDA452202179A002CB951 /* Project object */;
}
